
Microsoft Visual Studio Solution File, Format Version 12.00
# Visual Studio Version 16
VisualStudioVersion = 16.0.31702.278
MinimumVisualStudioVersion = 10.0.40219.1
Project("{9A19103F-16F7-4668-BE54-9A1E7A4F7556}") = "LinearRegressionBackend", "LinearRegressionBackend\LinearRegressionBackend.csproj", "{D7D82064-53FA-4A25-89C1-82840E41AA38}"
EndProject
Project("{9A19103F-16F7-4668-BE54-9A1E7A4F7556}") = "LinearRegressionWPF", "LinearRegressionWPF\LinearRegressionWPF.csproj", "{7236584E-CEC6-4D5F-A452-70B45DB07FE3}"
EndProject
<<<<<<< Updated upstream
Project("{9A19103F-16F7-4668-BE54-9A1E7A4F7556}") = "MLModel", "LinearRegressionBackend\MLModel\MLModel.csproj", "{DA83F110-FE08-4835-8A70-9B996F3A4558}"
EndProject
Project("{9A19103F-16F7-4668-BE54-9A1E7A4F7556}") = "MLContext", "LinearRegressionBackend\MLContext\MLContext.csproj", "{8C435358-7FDB-4669-B40D-28FFAE707F47}"
	ProjectSection(ProjectDependencies) = postProject
		{DA83F110-FE08-4835-8A70-9B996F3A4558} = {DA83F110-FE08-4835-8A70-9B996F3A4558}
		{689FC97E-939D-4125-87B7-19661ED120C2} = {689FC97E-939D-4125-87B7-19661ED120C2}
	EndProjectSection
EndProject
Project("{9A19103F-16F7-4668-BE54-9A1E7A4F7556}") = "DataProvider", "LinearRegressionBackend\DataProvider\DataProvider.csproj", "{689FC97E-939D-4125-87B7-19661ED120C2}"
=======
Project("{2150E333-8FDC-42A3-9474-1A3956D46DE8}") = "Source", "Source", "{7BE40574-4CC8-4CE9-B4CB-CBDFB6A6AAAF}"
EndProject
Project("{2150E333-8FDC-42A3-9474-1A3956D46DE8}") = "Test", "Test", "{3A3D0F88-2845-43A2-8D6F-0BD1BCD3789D}"
EndProject
Project("{FAE04EC0-301F-11D3-BF4B-00C04F79EFBC}") = "LinearRegressionBackend_uTest", "LinearRegressionBackend_uTest\LinearRegressionBackend_uTest.csproj", "{B4FED41E-4685-421B-91CA-7181A46DA9B4}"
>>>>>>> Stashed changes
EndProject
Global
	GlobalSection(SolutionConfigurationPlatforms) = preSolution
		Debug|Any CPU = Debug|Any CPU
		Release|Any CPU = Release|Any CPU
	EndGlobalSection
	GlobalSection(ProjectConfigurationPlatforms) = postSolution
		{D7D82064-53FA-4A25-89C1-82840E41AA38}.Debug|Any CPU.ActiveCfg = Debug|Any CPU
		{D7D82064-53FA-4A25-89C1-82840E41AA38}.Debug|Any CPU.Build.0 = Debug|Any CPU
		{D7D82064-53FA-4A25-89C1-82840E41AA38}.Release|Any CPU.ActiveCfg = Release|Any CPU
		{D7D82064-53FA-4A25-89C1-82840E41AA38}.Release|Any CPU.Build.0 = Release|Any CPU
		{7236584E-CEC6-4D5F-A452-70B45DB07FE3}.Debug|Any CPU.ActiveCfg = Debug|Any CPU
		{7236584E-CEC6-4D5F-A452-70B45DB07FE3}.Debug|Any CPU.Build.0 = Debug|Any CPU
		{7236584E-CEC6-4D5F-A452-70B45DB07FE3}.Release|Any CPU.ActiveCfg = Release|Any CPU
		{7236584E-CEC6-4D5F-A452-70B45DB07FE3}.Release|Any CPU.Build.0 = Release|Any CPU
<<<<<<< Updated upstream
		{DA83F110-FE08-4835-8A70-9B996F3A4558}.Debug|Any CPU.ActiveCfg = Debug|Any CPU
		{DA83F110-FE08-4835-8A70-9B996F3A4558}.Debug|Any CPU.Build.0 = Debug|Any CPU
		{DA83F110-FE08-4835-8A70-9B996F3A4558}.Release|Any CPU.ActiveCfg = Release|Any CPU
		{DA83F110-FE08-4835-8A70-9B996F3A4558}.Release|Any CPU.Build.0 = Release|Any CPU
		{8C435358-7FDB-4669-B40D-28FFAE707F47}.Debug|Any CPU.ActiveCfg = Debug|Any CPU
		{8C435358-7FDB-4669-B40D-28FFAE707F47}.Debug|Any CPU.Build.0 = Debug|Any CPU
		{8C435358-7FDB-4669-B40D-28FFAE707F47}.Release|Any CPU.ActiveCfg = Release|Any CPU
		{8C435358-7FDB-4669-B40D-28FFAE707F47}.Release|Any CPU.Build.0 = Release|Any CPU
		{689FC97E-939D-4125-87B7-19661ED120C2}.Debug|Any CPU.ActiveCfg = Debug|Any CPU
		{689FC97E-939D-4125-87B7-19661ED120C2}.Debug|Any CPU.Build.0 = Debug|Any CPU
		{689FC97E-939D-4125-87B7-19661ED120C2}.Release|Any CPU.ActiveCfg = Release|Any CPU
		{689FC97E-939D-4125-87B7-19661ED120C2}.Release|Any CPU.Build.0 = Release|Any CPU
=======
		{B4FED41E-4685-421B-91CA-7181A46DA9B4}.Debug|Any CPU.ActiveCfg = Debug|Any CPU
		{B4FED41E-4685-421B-91CA-7181A46DA9B4}.Debug|Any CPU.Build.0 = Debug|Any CPU
		{B4FED41E-4685-421B-91CA-7181A46DA9B4}.Release|Any CPU.ActiveCfg = Release|Any CPU
		{B4FED41E-4685-421B-91CA-7181A46DA9B4}.Release|Any CPU.Build.0 = Release|Any CPU
>>>>>>> Stashed changes
	EndGlobalSection
	GlobalSection(SolutionProperties) = preSolution
		HideSolutionNode = FALSE
	EndGlobalSection
	GlobalSection(NestedProjects) = preSolution
		{D7D82064-53FA-4A25-89C1-82840E41AA38} = {7BE40574-4CC8-4CE9-B4CB-CBDFB6A6AAAF}
		{7236584E-CEC6-4D5F-A452-70B45DB07FE3} = {7BE40574-4CC8-4CE9-B4CB-CBDFB6A6AAAF}
		{B4FED41E-4685-421B-91CA-7181A46DA9B4} = {3A3D0F88-2845-43A2-8D6F-0BD1BCD3789D}
	EndGlobalSection
	GlobalSection(ExtensibilityGlobals) = postSolution
		SolutionGuid = {658D5A94-0814-4796-A0E3-1660C8AC72CD}
	EndGlobalSection
EndGlobal
